
Microsoft Visual Studio Solution File, Format Version 12.00
# Visual Studio 14
VisualStudioVersion = 14.0.23107.0
MinimumVisualStudioVersion = 10.0.40219.1
Project("{2150E333-8FDC-42A3-9474-1A3956D46DE8}") = "src", "src", "{C09236BA-D759-44A8-B979-36963ED357E3}"
EndProject
Project("{2150E333-8FDC-42A3-9474-1A3956D46DE8}") = "Solution Items", "Solution Items", "{20108129-D18D-435D-B227-B511CA36C459}"
	ProjectSection(SolutionItems) = preProject
		global.json = global.json
		NuGet.Config = NuGet.Config
	EndProjectSection
EndProject
Project("{8BB2217D-0F2D-49D1-97BC-3654ED321F3B}") = "Hyperspace.Redis.Bootstrap", "src\Hyperspace.Redis.Bootstrap\Hyperspace.Redis.Bootstrap.xproj", "{DDC57457-54BD-4C2D-800F-6F25ECDF57D2}"
EndProject
Project("{2150E333-8FDC-42A3-9474-1A3956D46DE8}") = "test", "test", "{2BA22FEF-461F-4F4C-BEC1-740ADEAA77DC}"
EndProject
Project("{8BB2217D-0F2D-49D1-97BC-3654ED321F3B}") = "Hyperspace.Redis", "src\Hyperspace.Redis\Hyperspace.Redis.xproj", "{89B24AA1-9341-450B-AFF3-852328AD72CA}"
EndProject
Project("{8BB2217D-0F2D-49D1-97BC-3654ED321F3B}") = "Hyperspace.Redis.Tests", "test\Hyperspace.Redis.Tests\Hyperspace.Redis.Tests.xproj", "{8EF17149-5F23-4D34-974D-1AAEF0A825B3}"
EndProject
Global
	GlobalSection(SolutionConfigurationPlatforms) = preSolution
		Debug|Any CPU = Debug|Any CPU
		Release|Any CPU = Release|Any CPU
	EndGlobalSection
	GlobalSection(ProjectConfigurationPlatforms) = postSolution
		{DDC57457-54BD-4C2D-800F-6F25ECDF57D2}.Debug|Any CPU.ActiveCfg = Debug|Any CPU
		{DDC57457-54BD-4C2D-800F-6F25ECDF57D2}.Debug|Any CPU.Build.0 = Debug|Any CPU
		{DDC57457-54BD-4C2D-800F-6F25ECDF57D2}.Release|Any CPU.ActiveCfg = Release|Any CPU
		{DDC57457-54BD-4C2D-800F-6F25ECDF57D2}.Release|Any CPU.Build.0 = Release|Any CPU
		{89B24AA1-9341-450B-AFF3-852328AD72CA}.Debug|Any CPU.ActiveCfg = Debug|Any CPU
		{89B24AA1-9341-450B-AFF3-852328AD72CA}.Debug|Any CPU.Build.0 = Debug|Any CPU
		{89B24AA1-9341-450B-AFF3-852328AD72CA}.Release|Any CPU.ActiveCfg = Release|Any CPU
		{89B24AA1-9341-450B-AFF3-852328AD72CA}.Release|Any CPU.Build.0 = Release|Any CPU
		{8EF17149-5F23-4D34-974D-1AAEF0A825B3}.Debug|Any CPU.ActiveCfg = Debug|Any CPU
		{8EF17149-5F23-4D34-974D-1AAEF0A825B3}.Debug|Any CPU.Build.0 = Debug|Any CPU
		{8EF17149-5F23-4D34-974D-1AAEF0A825B3}.Release|Any CPU.ActiveCfg = Release|Any CPU
		{8EF17149-5F23-4D34-974D-1AAEF0A825B3}.Release|Any CPU.Build.0 = Release|Any CPU
	EndGlobalSection
	GlobalSection(SolutionProperties) = preSolution
		HideSolutionNode = FALSE
	EndGlobalSection
	GlobalSection(NestedProjects) = preSolution
		{DDC57457-54BD-4C2D-800F-6F25ECDF57D2} = {C09236BA-D759-44A8-B979-36963ED357E3}
		{89B24AA1-9341-450B-AFF3-852328AD72CA} = {C09236BA-D759-44A8-B979-36963ED357E3}
		{8EF17149-5F23-4D34-974D-1AAEF0A825B3} = {2BA22FEF-461F-4F4C-BEC1-740ADEAA77DC}
	EndGlobalSection
EndGlobal
